{
  "originHash" : "53f149965735b500cc5fc92619110e2935f4712c551b4d09cd94302ff83da6dc",
  "pins" : [
    {
      "identity" : "detaileddescription",
      "kind" : "remoteSourceControl",
      "location" : "https://github.com/Vaida12345/DetailedDescription.git",
      "state" : {
        "revision" : "199b2c999f0a85108dd2f61fb2b00fe2e13ccfc8",
        "version" : "2.2.0"
      }
    },
    {
      "identity" : "essentials",
      "kind" : "remoteSourceControl",
      "location" : "https://github.com/Vaida12345/Essentials.git",
      "state" : {
        "revision" : "d4c673cc5bd466d0cd2dd274a29141751b7d75de",
        "version" : "1.2.1"
      }
    },
    {
      "identity" : "finderitem",
      "kind" : "remoteSourceControl",
      "location" : "https://github.com/Vaida12345/FinderItem.git",
      "state" : {
        "revision" : "6b1b16f440d10bf6107171b7045c33da5c3f5fa2",
        "version" : "2.2.1"
      }
    },
    {
      "identity" : "multiarray",
      "kind" : "remoteSourceControl",
      "location" : "https://github.com/Vaida12345/MultiArray.git",
      "state" : {
        "revision" : "2046da5c3fdc7325552f20f566df397a5a78feba",
        "version" : "1.2.0"
      }
    }
  ],
  "version" : 3
}
