{
  "originHash" : "7d1be70ab62cdc1396e48bdcb2f21a08f6c70031cf3c2c9fe5f077a23157053d",
  "pins" : [
    {
      "identity" : "detaileddescription",
      "kind" : "remoteSourceControl",
      "location" : "https://github.com/Vaida12345/DetailedDescription.git",
      "state" : {
        "revision" : "199b2c999f0a85108dd2f61fb2b00fe2e13ccfc8",
        "version" : "2.2.0"
      }
    },
    {
      "identity" : "essentials",
      "kind" : "remoteSourceControl",
      "location" : "https://github.com/Vaida12345/Essentials.git",
      "state" : {
        "revision" : "d01d257bb592ebfe882101d262f17691f74750b1",
        "version" : "1.2.4"
      }
    },
    {
      "identity" : "finderitem",
      "kind" : "remoteSourceControl",
      "location" : "https://github.com/Vaida12345/FinderItem.git",
      "state" : {
        "revision" : "6b1b16f440d10bf6107171b7045c33da5c3f5fa2",
        "version" : "2.2.1"
      }
    },
    {
      "identity" : "multiarray",
      "kind" : "remoteSourceControl",
      "location" : "https://github.com/Vaida12345/MultiArray.git",
      "state" : {
        "revision" : "04a81c4f38d456391aaa257734df1002e3451032",
        "version" : "1.2.7"
      }
    }
  ],
  "version" : 3
}
