{
  "originHash" : "e9b1ed8ba0683a56a931c5baa76850dee554726355e63ff1ffbe1d07734c9a04",
  "pins" : [
    {
      "identity" : "detaileddescription",
      "kind" : "remoteSourceControl",
      "location" : "https://github.com/Vaida12345/DetailedDescription.git",
      "state" : {
        "revision" : "199b2c999f0a85108dd2f61fb2b00fe2e13ccfc8",
        "version" : "2.2.0"
      }
    },
    {
      "identity" : "essentials",
      "kind" : "remoteSourceControl",
      "location" : "https://github.com/Vaida12345/Essentials.git",
      "state" : {
        "revision" : "d01d257bb592ebfe882101d262f17691f74750b1",
        "version" : "1.2.4"
      }
    },
    {
      "identity" : "finderitem",
      "kind" : "remoteSourceControl",
      "location" : "https://github.com/Vaida12345/FinderItem.git",
      "state" : {
        "revision" : "6b1b16f440d10bf6107171b7045c33da5c3f5fa2",
        "version" : "2.2.1"
      }
    },
    {
      "identity" : "multiarray",
      "kind" : "remoteSourceControl",
      "location" : "https://github.com/Vaida12345/MultiArray.git",
      "state" : {
        "revision" : "969eb12cafc36fcd8fa2100327d433de96fbeff5",
        "version" : "1.2.6"
      }
    }
  ],
  "version" : 3
}
